
Microsoft Visual Studio Solution File, Format Version 12.00
# Visual Studio Version 17
VisualStudioVersion = 17.10.34916.146
MinimumVisualStudioVersion = 10.0.40219.1
Project("{FAE04EC0-301F-11D3-BF4B-00C04F79EFBC}") = "4955511Sueldo", "4955511Sueldo.csproj", "{4152DDDC-8A53-4082-909B-EA214F68785D}"
EndProject
Global
	GlobalSection(SolutionConfigurationPlatforms) = preSolution
		Debug|Any CPU = Debug|Any CPU
		Release|Any CPU = Release|Any CPU
	EndGlobalSection
	GlobalSection(ProjectConfigurationPlatforms) = postSolution
		{4152DDDC-8A53-4082-909B-EA214F68785D}.Debug|Any CPU.ActiveCfg = Debug|Any CPU
		{4152DDDC-8A53-4082-909B-EA214F68785D}.Debug|Any CPU.Build.0 = Debug|Any CPU
		{4152DDDC-8A53-4082-909B-EA214F68785D}.Debug|Any CPU.Deploy.0 = Debug|Any CPU
		{4152DDDC-8A53-4082-909B-EA214F68785D}.Release|Any CPU.ActiveCfg = Release|Any CPU
		{4152DDDC-8A53-4082-909B-EA214F68785D}.Release|Any CPU.Build.0 = Release|Any CPU
		{4152DDDC-8A53-4082-909B-EA214F68785D}.Release|Any CPU.Deploy.0 = Release|Any CPU
	EndGlobalSection
	GlobalSection(SolutionProperties) = preSolution
		HideSolutionNode = FALSE
	EndGlobalSection
	GlobalSection(ExtensibilityGlobals) = postSolution
		SolutionGuid = {8929B446-9BFC-45BD-AAE4-32078534AD82}
	EndGlobalSection
EndGlobal
